
Microsoft Visual Studio Solution File, Format Version 12.00
# Visual Studio Version 16
VisualStudioVersion = 25.0.1706.13
MinimumVisualStudioVersion = 10.0.40219.1
Project("{FAE04EC0-301F-11D3-BF4B-00C04F79EFBC}") = "FineForOverdueBooks", "FineForOverdueBooks\FineForOverdueBooks.csproj", "{0E2F37B5-E3E8-454C-BD92-9B024CD03E1B}"
EndProject
Global
	GlobalSection(SolutionConfigurationPlatforms) = preSolution
		Debug|Any CPU = Debug|Any CPU
		Release|Any CPU = Release|Any CPU
	EndGlobalSection
	GlobalSection(ProjectConfigurationPlatforms) = postSolution
		{0E2F37B5-E3E8-454C-BD92-9B024CD03E1B}.Debug|Any CPU.ActiveCfg = Debug|Any CPU
		{0E2F37B5-E3E8-454C-BD92-9B024CD03E1B}.Debug|Any CPU.Build.0 = Debug|Any CPU
		{0E2F37B5-E3E8-454C-BD92-9B024CD03E1B}.Release|Any CPU.ActiveCfg = Release|Any CPU
		{0E2F37B5-E3E8-454C-BD92-9B024CD03E1B}.Release|Any CPU.Build.0 = Release|Any CPU
	EndGlobalSection
	GlobalSection(SolutionProperties) = preSolution
		HideSolutionNode = FALSE
	EndGlobalSection
	GlobalSection(ExtensibilityGlobals) = postSolution
		SolutionGuid = {EEFDC14A-4590-462B-BE4C-2D3B5BD3DEC4}
	EndGlobalSection
EndGlobal
